
Microsoft Visual Studio Solution File, Format Version 12.00
# Visual Studio Version 17
VisualStudioVersion = 17.13.35818.85 d17.13
MinimumVisualStudioVersion = 10.0.40219.1
Project("{FAE04EC0-301F-11D3-BF4B-00C04F79EFBC}") = "SignalR.Backplane.EFCore.Tests", "SignalR.Backplane.EFCore.Tests.csproj", "{20E7A576-BF3D-F559-5C27-EE6D7B6D6F3A}"
EndProject
Global
	GlobalSection(SolutionConfigurationPlatforms) = preSolution
		Debug|Any CPU = Debug|Any CPU
		Release|Any CPU = Release|Any CPU
	EndGlobalSection
	GlobalSection(ProjectConfigurationPlatforms) = postSolution
		{20E7A576-BF3D-F559-5C27-EE6D7B6D6F3A}.Debug|Any CPU.ActiveCfg = Debug|Any CPU
		{20E7A576-BF3D-F559-5C27-EE6D7B6D6F3A}.Debug|Any CPU.Build.0 = Debug|Any CPU
		{20E7A576-BF3D-F559-5C27-EE6D7B6D6F3A}.Release|Any CPU.ActiveCfg = Release|Any CPU
		{20E7A576-BF3D-F559-5C27-EE6D7B6D6F3A}.Release|Any CPU.Build.0 = Release|Any CPU
	EndGlobalSection
	GlobalSection(SolutionProperties) = preSolution
		HideSolutionNode = FALSE
	EndGlobalSection
	GlobalSection(ExtensibilityGlobals) = postSolution
		SolutionGuid = {F50548BE-C3C6-4716-86DC-2EBB03406ED3}
	EndGlobalSection
EndGlobal
